
Microsoft Visual Studio Solution File, Format Version 12.00
# Visual Studio Version 17
VisualStudioVersion = 17.4.33213.308
MinimumVisualStudioVersion = 10.0.40219.1
Project("{FAE04EC0-301F-11D3-BF4B-00C04F79EFBC}") = "ConsoleApp2", "ConsoleApp2.csproj", "{4A97064C-1107-414A-B092-91F041470CA1}"
EndProject
Global
	GlobalSection(SolutionConfigurationPlatforms) = preSolution
		Debug|Any CPU = Debug|Any CPU
		Release|Any CPU = Release|Any CPU
	EndGlobalSection
	GlobalSection(ProjectConfigurationPlatforms) = postSolution
		{4A97064C-1107-414A-B092-91F041470CA1}.Debug|Any CPU.ActiveCfg = Debug|Any CPU
		{4A97064C-1107-414A-B092-91F041470CA1}.Debug|Any CPU.Build.0 = Debug|Any CPU
		{4A97064C-1107-414A-B092-91F041470CA1}.Release|Any CPU.ActiveCfg = Release|Any CPU
		{4A97064C-1107-414A-B092-91F041470CA1}.Release|Any CPU.Build.0 = Release|Any CPU
	EndGlobalSection
	GlobalSection(SolutionProperties) = preSolution
		HideSolutionNode = FALSE
	EndGlobalSection
	GlobalSection(ExtensibilityGlobals) = postSolution
		SolutionGuid = {D540DD5E-B888-4C20-9534-C11AA75A57FC}
	EndGlobalSection
EndGlobal
