
Microsoft Visual Studio Solution File, Format Version 12.00
# Visual Studio Version 17
VisualStudioVersion = 17.4.33213.308
MinimumVisualStudioVersion = 10.0.40219.1
Project("{FAE04EC0-301F-11D3-BF4B-00C04F79EFBC}") = "ConsoleApp5", "ConsoleApp5.csproj", "{CEFED96E-4623-425D-9A83-C5FE7F851EBC}"
EndProject
Global
	GlobalSection(SolutionConfigurationPlatforms) = preSolution
		Debug|Any CPU = Debug|Any CPU
		Release|Any CPU = Release|Any CPU
	EndGlobalSection
	GlobalSection(ProjectConfigurationPlatforms) = postSolution
		{CEFED96E-4623-425D-9A83-C5FE7F851EBC}.Debug|Any CPU.ActiveCfg = Debug|Any CPU
		{CEFED96E-4623-425D-9A83-C5FE7F851EBC}.Debug|Any CPU.Build.0 = Debug|Any CPU
		{CEFED96E-4623-425D-9A83-C5FE7F851EBC}.Release|Any CPU.ActiveCfg = Release|Any CPU
		{CEFED96E-4623-425D-9A83-C5FE7F851EBC}.Release|Any CPU.Build.0 = Release|Any CPU
	EndGlobalSection
	GlobalSection(SolutionProperties) = preSolution
		HideSolutionNode = FALSE
	EndGlobalSection
	GlobalSection(ExtensibilityGlobals) = postSolution
		SolutionGuid = {73DB0BAC-F3A3-482D-A207-FA0DE221BCA5}
	EndGlobalSection
EndGlobal
